// !$*UTF8*$!
{
	archiveVersion = 1;
	classes = {
	};
	objectVersion = 56;
	objects = {

/* Begin PBXBuildFile section */
		3612F5FC2B7DA7890097D31C /* MockTodoApp.swift in Sources */ = {isa = PBXBuildFile; fileRef = 3612F5FB2B7DA7890097D31C /* MockTodoApp.swift */; };
		3612F6002B7DA78A0097D31C /* Assets.xcassets in Resources */ = {isa = PBXBuildFile; fileRef = 3612F5FF2B7DA78A0097D31C /* Assets.xcassets */; };
		3612F6032B7DA78A0097D31C /* Preview Assets.xcassets in Resources */ = {isa = PBXBuildFile; fileRef = 3612F6022B7DA78A0097D31C /* Preview Assets.xcassets */; };
		3612F60A2B7E02E50097D31C /* ToDo.swift in Sources */ = {isa = PBXBuildFile; fileRef = 3612F6092B7E02E50097D31C /* ToDo.swift */; };
		3612F60E2B7E03550097D31C /* ToDoViewModel.swift in Sources */ = {isa = PBXBuildFile; fileRef = 3612F60D2B7E03550097D31C /* ToDoViewModel.swift */; };
		3612F6102B7E038A0097D31C /* ToDoUseCase.swift in Sources */ = {isa = PBXBuildFile; fileRef = 3612F60F2B7E038A0097D31C /* ToDoUseCase.swift */; };
		3612F6122B7E03AE0097D31C /* ToDoListView.swift in Sources */ = {isa = PBXBuildFile; fileRef = 3612F6112B7E03AE0097D31C /* ToDoListView.swift */; };
		3612F6142B7E03E40097D31C /* CreateToDoView.swift in Sources */ = {isa = PBXBuildFile; fileRef = 3612F6132B7E03E40097D31C /* CreateToDoView.swift */; };
		3612F61E2B7E2EB10097D31C /* OnboardingContentView.swift in Sources */ = {isa = PBXBuildFile; fileRef = 3612F6192B7E2EB10097D31C /* OnboardingContentView.swift */; };
		3612F61F2B7E2EB10097D31C /* OnboardingButton.swift in Sources */ = {isa = PBXBuildFile; fileRef = 3612F61A2B7E2EB10097D31C /* OnboardingButton.swift */; };
		3612F6202B7E2EB10097D31C /* OnboardingView.swift in Sources */ = {isa = PBXBuildFile; fileRef = 3612F61B2B7E2EB10097D31C /* OnboardingView.swift */; };
		3612F6212B7E2EB10097D31C /* OnboardingDataSource.swift in Sources */ = {isa = PBXBuildFile; fileRef = 3612F61C2B7E2EB10097D31C /* OnboardingDataSource.swift */; };
		3612F6222B7E2EB10097D31C /* OnboardingViewModel.swift in Sources */ = {isa = PBXBuildFile; fileRef = 3612F61D2B7E2EB10097D31C /* OnboardingViewModel.swift */; };
		3612F6282B7E36AA0097D31C /* AppConstants.swift in Sources */ = {isa = PBXBuildFile; fileRef = 3612F6272B7E36AA0097D31C /* AppConstants.swift */; };
		3612F62B2B7E39E80097D31C /* OnboardingUseCase.swift in Sources */ = {isa = PBXBuildFile; fileRef = 3612F62A2B7E39E80097D31C /* OnboardingUseCase.swift */; };
		3612F62D2B7E3B190097D31C /* OnboardingRepository.swift in Sources */ = {isa = PBXBuildFile; fileRef = 3612F62C2B7E3B190097D31C /* OnboardingRepository.swift */; };
		3612F6302B7E3B6A0097D31C /* MockOnboardingRepository.swift in Sources */ = {isa = PBXBuildFile; fileRef = 3612F62F2B7E3B6A0097D31C /* MockOnboardingRepository.swift */; };
		3612F6322B7E3BEC0097D31C /* TodoRepository.swift in Sources */ = {isa = PBXBuildFile; fileRef = 3612F6312B7E3BEC0097D31C /* TodoRepository.swift */; };
		3612F6372B7E3F300097D31C /* ToDoDto.swift in Sources */ = {isa = PBXBuildFile; fileRef = 3612F6362B7E3F300097D31C /* ToDoDto.swift */; };
		36817BC62B7E41A200F0FD34 /* UserDefaultsToDoRepository.swift in Sources */ = {isa = PBXBuildFile; fileRef = 36817BC52B7E41A200F0FD34 /* UserDefaultsToDoRepository.swift */; };
/* End PBXBuildFile section */

/* Begin PBXFileReference section */
		3612F5F82B7DA7890097D31C /* MockTodo.app */ = {isa = PBXFileReference; explicitFileType = wrapper.application; includeInIndex = 0; path = MockTodo.app; sourceTree = BUILT_PRODUCTS_DIR; };
		3612F5FB2B7DA7890097D31C /* MockTodoApp.swift */ = {isa = PBXFileReference; lastKnownFileType = sourcecode.swift; path = MockTodoApp.swift; sourceTree = "<group>"; };
		3612F5FF2B7DA78A0097D31C /* Assets.xcassets */ = {isa = PBXFileReference; lastKnownFileType = folder.assetcatalog; path = Assets.xcassets; sourceTree = "<group>"; };
		3612F6022B7DA78A0097D31C /* Preview Assets.xcassets */ = {isa = PBXFileReference; lastKnownFileType = folder.assetcatalog; path = "Preview Assets.xcassets"; sourceTree = "<group>"; };
		3612F6092B7E02E50097D31C /* ToDo.swift */ = {isa = PBXFileReference; lastKnownFileType = sourcecode.swift; path = ToDo.swift; sourceTree = "<group>"; };
		3612F60D2B7E03550097D31C /* ToDoViewModel.swift */ = {isa = PBXFileReference; lastKnownFileType = sourcecode.swift; path = ToDoViewModel.swift; sourceTree = "<group>"; };
		3612F60F2B7E038A0097D31C /* ToDoUseCase.swift */ = {isa = PBXFileReference; lastKnownFileType = sourcecode.swift; path = ToDoUseCase.swift; sourceTree = "<group>"; };
		3612F6112B7E03AE0097D31C /* ToDoListView.swift */ = {isa = PBXFileReference; lastKnownFileType = sourcecode.swift; path = ToDoListView.swift; sourceTree = "<group>"; };
		3612F6132B7E03E40097D31C /* CreateToDoView.swift */ = {isa = PBXFileReference; lastKnownFileType = sourcecode.swift; path = CreateToDoView.swift; sourceTree = "<group>"; };
		3612F6192B7E2EB10097D31C /* OnboardingContentView.swift */ = {isa = PBXFileReference; fileEncoding = 4; lastKnownFileType = sourcecode.swift; path = OnboardingContentView.swift; sourceTree = "<group>"; };
		3612F61A2B7E2EB10097D31C /* OnboardingButton.swift */ = {isa = PBXFileReference; fileEncoding = 4; lastKnownFileType = sourcecode.swift; path = OnboardingButton.swift; sourceTree = "<group>"; };
		3612F61B2B7E2EB10097D31C /* OnboardingView.swift */ = {isa = PBXFileReference; fileEncoding = 4; lastKnownFileType = sourcecode.swift; path = OnboardingView.swift; sourceTree = "<group>"; };
		3612F61C2B7E2EB10097D31C /* OnboardingDataSource.swift */ = {isa = PBXFileReference; fileEncoding = 4; lastKnownFileType = sourcecode.swift; path = OnboardingDataSource.swift; sourceTree = "<group>"; };
		3612F61D2B7E2EB10097D31C /* OnboardingViewModel.swift */ = {isa = PBXFileReference; fileEncoding = 4; lastKnownFileType = sourcecode.swift; path = OnboardingViewModel.swift; sourceTree = "<group>"; };
		3612F6272B7E36AA0097D31C /* AppConstants.swift */ = {isa = PBXFileReference; lastKnownFileType = sourcecode.swift; path = AppConstants.swift; sourceTree = "<group>"; };
		3612F62A2B7E39E80097D31C /* OnboardingUseCase.swift */ = {isa = PBXFileReference; lastKnownFileType = sourcecode.swift; path = OnboardingUseCase.swift; sourceTree = "<group>"; };
		3612F62C2B7E3B190097D31C /* OnboardingRepository.swift */ = {isa = PBXFileReference; lastKnownFileType = sourcecode.swift; path = OnboardingRepository.swift; sourceTree = "<group>"; };
		3612F62F2B7E3B6A0097D31C /* MockOnboardingRepository.swift */ = {isa = PBXFileReference; lastKnownFileType = sourcecode.swift; path = MockOnboardingRepository.swift; sourceTree = "<group>"; };
		3612F6312B7E3BEC0097D31C /* TodoRepository.swift */ = {isa = PBXFileReference; lastKnownFileType = sourcecode.swift; path = TodoRepository.swift; sourceTree = "<group>"; };
		3612F6362B7E3F300097D31C /* ToDoDto.swift */ = {isa = PBXFileReference; lastKnownFileType = sourcecode.swift; path = ToDoDto.swift; sourceTree = "<group>"; };
		36817BC52B7E41A200F0FD34 /* UserDefaultsToDoRepository.swift */ = {isa = PBXFileReference; lastKnownFileType = sourcecode.swift; path = UserDefaultsToDoRepository.swift; sourceTree = "<group>"; };
/* End PBXFileReference section */

/* Begin PBXFrameworksBuildPhase section */
		3612F5F52B7DA7890097D31C /* Frameworks */ = {
			isa = PBXFrameworksBuildPhase;
			buildActionMask = 2147483647;
			files = (
			);
			runOnlyForDeploymentPostprocessing = 0;
		};
/* End PBXFrameworksBuildPhase section */

/* Begin PBXGroup section */
		3612F5EF2B7DA7890097D31C = {
			isa = PBXGroup;
			children = (
				3612F5FA2B7DA7890097D31C /* MockTodo */,
				3612F5F92B7DA7890097D31C /* Products */,
			);
			sourceTree = "<group>";
		};
		3612F5F92B7DA7890097D31C /* Products */ = {
			isa = PBXGroup;
			children = (
				3612F5F82B7DA7890097D31C /* MockTodo.app */,
			);
			name = Products;
			sourceTree = "<group>";
		};
		3612F5FA2B7DA7890097D31C /* MockTodo */ = {
			isa = PBXGroup;
			children = (
				3612F6262B7E34D30097D31C /* App */,
				3612F6232B7E349F0097D31C /* Domain */,
				3612F62E2B7E3B5C0097D31C /* Infrastructure */,
				3612F6342B7E3C3D0097D31C /* Presentation */,
				3612F6012B7DA78A0097D31C /* Preview Content */,
				3612F6252B7E34C40097D31C /* Resources */,
			);
			path = MockTodo;
			sourceTree = "<group>";
		};
		3612F6012B7DA78A0097D31C /* Preview Content */ = {
			isa = PBXGroup;
			children = (
				3612F6022B7DA78A0097D31C /* Preview Assets.xcassets */,
			);
			path = "Preview Content";
			sourceTree = "<group>";
		};
		3612F6172B7E2EB10097D31C /* Onboarding */ = {
			isa = PBXGroup;
			children = (
				3612F6182B7E2EB10097D31C /* CustomViews */,
				3612F61C2B7E2EB10097D31C /* OnboardingDataSource.swift */,
				3612F61B2B7E2EB10097D31C /* OnboardingView.swift */,
				3612F61D2B7E2EB10097D31C /* OnboardingViewModel.swift */,
			);
			path = Onboarding;
			sourceTree = "<group>";
		};
		3612F6182B7E2EB10097D31C /* CustomViews */ = {
			isa = PBXGroup;
			children = (
				3612F61A2B7E2EB10097D31C /* OnboardingButton.swift */,
				3612F6192B7E2EB10097D31C /* OnboardingContentView.swift */,
			);
			path = CustomViews;
			sourceTree = "<group>";
		};
		3612F6232B7E349F0097D31C /* Domain */ = {
			isa = PBXGroup;
			children = (
				3612F6242B7E34AD0097D31C /* Entities */,
				3612F6332B7E3C010097D31C /* Repositories */,
				3612F6292B7E382F0097D31C /* UseCases */,
			);
			path = Domain;
			sourceTree = "<group>";
		};
		3612F6242B7E34AD0097D31C /* Entities */ = {
			isa = PBXGroup;
			children = (
				3612F6092B7E02E50097D31C /* ToDo.swift */,
			);
			path = Entities;
			sourceTree = "<group>";
		};
		3612F6252B7E34C40097D31C /* Resources */ = {
			isa = PBXGroup;
			children = (
				3612F5FF2B7DA78A0097D31C /* Assets.xcassets */,
			);
			path = Resources;
			sourceTree = "<group>";
		};
		3612F6262B7E34D30097D31C /* App */ = {
			isa = PBXGroup;
			children = (
				3612F6272B7E36AA0097D31C /* AppConstants.swift */,
				3612F5FB2B7DA7890097D31C /* MockTodoApp.swift */,
			);
			path = App;
			sourceTree = "<group>";
		};
		3612F6292B7E382F0097D31C /* UseCases */ = {
			isa = PBXGroup;
			children = (
				3612F62A2B7E39E80097D31C /* OnboardingUseCase.swift */,
				3612F60F2B7E038A0097D31C /* ToDoUseCase.swift */,
			);
			path = UseCases;
			sourceTree = "<group>";
		};
		3612F62E2B7E3B5C0097D31C /* Infrastructure */ = {
			isa = PBXGroup;
			children = (
				3612F6392B7E3F860097D31C /* Repositories */,
				3612F6382B7E3F750097D31C /* DTOs */,
			);
			path = Infrastructure;
			sourceTree = "<group>";
		};
		3612F6332B7E3C010097D31C /* Repositories */ = {
			isa = PBXGroup;
			children = (
				3612F62C2B7E3B190097D31C /* OnboardingRepository.swift */,
				3612F6312B7E3BEC0097D31C /* TodoRepository.swift */,
			);
			path = Repositories;
			sourceTree = "<group>";
		};
		3612F6342B7E3C3D0097D31C /* Presentation */ = {
			isa = PBXGroup;
			children = (
				3612F6172B7E2EB10097D31C /* Onboarding */,
				3612F6352B7E3E140097D31C /* ToDo */,
			);
			path = Presentation;
			sourceTree = "<group>";
		};
		3612F6352B7E3E140097D31C /* ToDo */ = {
			isa = PBXGroup;
			children = (
				3612F6132B7E03E40097D31C /* CreateToDoView.swift */,
				3612F6112B7E03AE0097D31C /* ToDoListView.swift */,
				3612F60D2B7E03550097D31C /* ToDoViewModel.swift */,
			);
			path = ToDo;
			sourceTree = "<group>";
		};
		3612F6382B7E3F750097D31C /* DTOs */ = {
			isa = PBXGroup;
			children = (
				3612F6362B7E3F300097D31C /* ToDoDto.swift */,
			);
			path = DTOs;
			sourceTree = "<group>";
		};
		3612F6392B7E3F860097D31C /* Repositories */ = {
			isa = PBXGroup;
			children = (
				36817BC52B7E41A200F0FD34 /* UserDefaultsToDoRepository.swift */,
				3612F62F2B7E3B6A0097D31C /* MockOnboardingRepository.swift */,
			);
			path = Repositories;
			sourceTree = "<group>";
		};
/* End PBXGroup section */

/* Begin PBXNativeTarget section */
		3612F5F72B7DA7890097D31C /* MockTodo */ = {
			isa = PBXNativeTarget;
			buildConfigurationList = 3612F6062B7DA78A0097D31C /* Build configuration list for PBXNativeTarget "MockTodo" */;
			buildPhases = (
				3612F5F42B7DA7890097D31C /* Sources */,
				3612F5F52B7DA7890097D31C /* Frameworks */,
				3612F5F62B7DA7890097D31C /* Resources */,
			);
			buildRules = (
			);
			dependencies = (
			);
			name = MockTodo;
			productName = MockTodo;
			productReference = 3612F5F82B7DA7890097D31C /* MockTodo.app */;
			productType = "com.apple.product-type.application";
		};
/* End PBXNativeTarget section */

/* Begin PBXProject section */
		3612F5F02B7DA7890097D31C /* Project object */ = {
			isa = PBXProject;
			attributes = {
				BuildIndependentTargetsInParallel = 1;
				LastSwiftUpdateCheck = 1520;
				LastUpgradeCheck = 1520;
				TargetAttributes = {
					3612F5F72B7DA7890097D31C = {
						CreatedOnToolsVersion = 15.2;
					};
				};
			};
			buildConfigurationList = 3612F5F32B7DA7890097D31C /* Build configuration list for PBXProject "MockTodo" */;
			compatibilityVersion = "Xcode 14.0";
			developmentRegion = en;
			hasScannedForEncodings = 0;
			knownRegions = (
				en,
				Base,
			);
			mainGroup = 3612F5EF2B7DA7890097D31C;
			productRefGroup = 3612F5F92B7DA7890097D31C /* Products */;
			projectDirPath = "";
			projectRoot = "";
			targets = (
				3612F5F72B7DA7890097D31C /* MockTodo */,
			);
		};
/* End PBXProject section */

/* Begin PBXResourcesBuildPhase section */
		3612F5F62B7DA7890097D31C /* Resources */ = {
			isa = PBXResourcesBuildPhase;
			buildActionMask = 2147483647;
			files = (
				3612F6032B7DA78A0097D31C /* Preview Assets.xcassets in Resources */,
				3612F6002B7DA78A0097D31C /* Assets.xcassets in Resources */,
			);
			runOnlyForDeploymentPostprocessing = 0;
		};
/* End PBXResourcesBuildPhase section */

/* Begin PBXSourcesBuildPhase section */
		3612F5F42B7DA7890097D31C /* Sources */ = {
			isa = PBXSourcesBuildPhase;
			buildActionMask = 2147483647;
			files = (
				3612F6122B7E03AE0097D31C /* ToDoListView.swift in Sources */,
				3612F6142B7E03E40097D31C /* CreateToDoView.swift in Sources */,
				3612F60E2B7E03550097D31C /* ToDoViewModel.swift in Sources */,
				3612F62D2B7E3B190097D31C /* OnboardingRepository.swift in Sources */,
				3612F6202B7E2EB10097D31C /* OnboardingView.swift in Sources */,
				3612F5FC2B7DA7890097D31C /* MockTodoApp.swift in Sources */,
				3612F6302B7E3B6A0097D31C /* MockOnboardingRepository.swift in Sources */,
				3612F61F2B7E2EB10097D31C /* OnboardingButton.swift in Sources */,
				3612F62B2B7E39E80097D31C /* OnboardingUseCase.swift in Sources */,
				3612F6212B7E2EB10097D31C /* OnboardingDataSource.swift in Sources */,
				3612F6222B7E2EB10097D31C /* OnboardingViewModel.swift in Sources */,
				3612F6102B7E038A0097D31C /* ToDoUseCase.swift in Sources */,
				3612F60A2B7E02E50097D31C /* ToDo.swift in Sources */,
				3612F6282B7E36AA0097D31C /* AppConstants.swift in Sources */,
				36817BC62B7E41A200F0FD34 /* UserDefaultsToDoRepository.swift in Sources */,
				3612F6322B7E3BEC0097D31C /* TodoRepository.swift in Sources */,
				3612F61E2B7E2EB10097D31C /* OnboardingContentView.swift in Sources */,
				3612F6372B7E3F300097D31C /* ToDoDto.swift in Sources */,
			);
			runOnlyForDeploymentPostprocessing = 0;
		};
/* End PBXSourcesBuildPhase section */

/* Begin XCBuildConfiguration section */
		3612F6042B7DA78A0097D31C /* Debug */ = {
			isa = XCBuildConfiguration;
			buildSettings = {
				ALWAYS_SEARCH_USER_PATHS = NO;
				ASSETCATALOG_COMPILER_GENERATE_SWIFT_ASSET_SYMBOL_EXTENSIONS = YES;
				CLANG_ANALYZER_NONNULL = YES;
				CLANG_ANALYZER_NUMBER_OBJECT_CONVERSION = YES_AGGRESSIVE;
				CLANG_CXX_LANGUAGE_STANDARD = "gnu++20";
				CLANG_ENABLE_MODULES = YES;
				CLANG_ENABLE_OBJC_ARC = YES;
				CLANG_ENABLE_OBJC_WEAK = YES;
				CLANG_WARN_BLOCK_CAPTURE_AUTORELEASING = YES;
				CLANG_WARN_BOOL_CONVERSION = YES;
				CLANG_WARN_COMMA = YES;
				CLANG_WARN_CONSTANT_CONVERSION = YES;
				CLANG_WARN_DEPRECATED_OBJC_IMPLEMENTATIONS = YES;
				CLANG_WARN_DIRECT_OBJC_ISA_USAGE = YES_ERROR;
				CLANG_WARN_DOCUMENTATION_COMMENTS = YES;
				CLANG_WARN_EMPTY_BODY = YES;
				CLANG_WARN_ENUM_CONVERSION = YES;
				CLANG_WARN_INFINITE_RECURSION = YES;
				CLANG_WARN_INT_CONVERSION = YES;
				CLANG_WARN_NON_LITERAL_NULL_CONVERSION = YES;
				CLANG_WARN_OBJC_IMPLICIT_RETAIN_SELF = YES;
				CLANG_WARN_OBJC_LITERAL_CONVERSION = YES;
				CLANG_WARN_OBJC_ROOT_CLASS = YES_ERROR;
				CLANG_WARN_QUOTED_INCLUDE_IN_FRAMEWORK_HEADER = YES;
				CLANG_WARN_RANGE_LOOP_ANALYSIS = YES;
				CLANG_WARN_STRICT_PROTOTYPES = YES;
				CLANG_WARN_SUSPICIOUS_MOVE = YES;
				CLANG_WARN_UNGUARDED_AVAILABILITY = YES_AGGRESSIVE;
				CLANG_WARN_UNREACHABLE_CODE = YES;
				CLANG_WARN__DUPLICATE_METHOD_MATCH = YES;
				COPY_PHASE_STRIP = NO;
				DEBUG_INFORMATION_FORMAT = dwarf;
				ENABLE_STRICT_OBJC_MSGSEND = YES;
				ENABLE_TESTABILITY = YES;
				ENABLE_USER_SCRIPT_SANDBOXING = YES;
				GCC_C_LANGUAGE_STANDARD = gnu17;
				GCC_DYNAMIC_NO_PIC = NO;
				GCC_NO_COMMON_BLOCKS = YES;
				GCC_OPTIMIZATION_LEVEL = 0;
				GCC_PREPROCESSOR_DEFINITIONS = (
					"DEBUG=1",
					"$(inherited)",
				);
				GCC_WARN_64_TO_32_BIT_CONVERSION = YES;
				GCC_WARN_ABOUT_RETURN_TYPE = YES_ERROR;
				GCC_WARN_UNDECLARED_SELECTOR = YES;
				GCC_WARN_UNINITIALIZED_AUTOS = YES_AGGRESSIVE;
				GCC_WARN_UNUSED_FUNCTION = YES;
				GCC_WARN_UNUSED_VARIABLE = YES;
				IPHONEOS_DEPLOYMENT_TARGET = 17.2;
				LOCALIZATION_PREFERS_STRING_CATALOGS = YES;
				MTL_ENABLE_DEBUG_INFO = INCLUDE_SOURCE;
				MTL_FAST_MATH = YES;
				ONLY_ACTIVE_ARCH = YES;
				SDKROOT = iphoneos;
				SWIFT_ACTIVE_COMPILATION_CONDITIONS = "DEBUG $(inherited)";
				SWIFT_OPTIMIZATION_LEVEL = "-Onone";
			};
			name = Debug;
		};
		3612F6052B7DA78A0097D31C /* Release */ = {
			isa = XCBuildConfiguration;
			buildSettings = {
				ALWAYS_SEARCH_USER_PATHS = NO;
				ASSETCATALOG_COMPILER_GENERATE_SWIFT_ASSET_SYMBOL_EXTENSIONS = YES;
				CLANG_ANALYZER_NONNULL = YES;
				CLANG_ANALYZER_NUMBER_OBJECT_CONVERSION = YES_AGGRESSIVE;
				CLANG_CXX_LANGUAGE_STANDARD = "gnu++20";
				CLANG_ENABLE_MODULES = YES;
				CLANG_ENABLE_OBJC_ARC = YES;
				CLANG_ENABLE_OBJC_WEAK = YES;
				CLANG_WARN_BLOCK_CAPTURE_AUTORELEASING = YES;
				CLANG_WARN_BOOL_CONVERSION = YES;
				CLANG_WARN_COMMA = YES;
				CLANG_WARN_CONSTANT_CONVERSION = YES;
				CLANG_WARN_DEPRECATED_OBJC_IMPLEMENTATIONS = YES;
				CLANG_WARN_DIRECT_OBJC_ISA_USAGE = YES_ERROR;
				CLANG_WARN_DOCUMENTATION_COMMENTS = YES;
				CLANG_WARN_EMPTY_BODY = YES;
				CLANG_WARN_ENUM_CONVERSION = YES;
				CLANG_WARN_INFINITE_RECURSION = YES;
				CLANG_WARN_INT_CONVERSION = YES;
				CLANG_WARN_NON_LITERAL_NULL_CONVERSION = YES;
				CLANG_WARN_OBJC_IMPLICIT_RETAIN_SELF = YES;
				CLANG_WARN_OBJC_LITERAL_CONVERSION = YES;
				CLANG_WARN_OBJC_ROOT_CLASS = YES_ERROR;
				CLANG_WARN_QUOTED_INCLUDE_IN_FRAMEWORK_HEADER = YES;
				CLANG_WARN_RANGE_LOOP_ANALYSIS = YES;
				CLANG_WARN_STRICT_PROTOTYPES = YES;
				CLANG_WARN_SUSPICIOUS_MOVE = YES;
				CLANG_WARN_UNGUARDED_AVAILABILITY = YES_AGGRESSIVE;
				CLANG_WARN_UNREACHABLE_CODE = YES;
				CLANG_WARN__DUPLICATE_METHOD_MATCH = YES;
				COPY_PHASE_STRIP = NO;
				DEBUG_INFORMATION_FORMAT = "dwarf-with-dsym";
				ENABLE_NS_ASSERTIONS = NO;
				ENABLE_STRICT_OBJC_MSGSEND = YES;
				ENABLE_USER_SCRIPT_SANDBOXING = YES;
				GCC_C_LANGUAGE_STANDARD = gnu17;
				GCC_NO_COMMON_BLOCKS = YES;
				GCC_WARN_64_TO_32_BIT_CONVERSION = YES;
				GCC_WARN_ABOUT_RETURN_TYPE = YES_ERROR;
				GCC_WARN_UNDECLARED_SELECTOR = YES;
				GCC_WARN_UNINITIALIZED_AUTOS = YES_AGGRESSIVE;
				GCC_WARN_UNUSED_FUNCTION = YES;
				GCC_WARN_UNUSED_VARIABLE = YES;
				IPHONEOS_DEPLOYMENT_TARGET = 17.2;
				LOCALIZATION_PREFERS_STRING_CATALOGS = YES;
				MTL_ENABLE_DEBUG_INFO = NO;
				MTL_FAST_MATH = YES;
				SDKROOT = iphoneos;
				SWIFT_COMPILATION_MODE = wholemodule;
				VALIDATE_PRODUCT = YES;
			};
			name = Release;
		};
		3612F6072B7DA78A0097D31C /* Debug */ = {
			isa = XCBuildConfiguration;
			buildSettings = {
				ASSETCATALOG_COMPILER_APPICON_NAME = AppIcon;
				ASSETCATALOG_COMPILER_GLOBAL_ACCENT_COLOR_NAME = AccentColor;
				CODE_SIGN_STYLE = Automatic;
				CURRENT_PROJECT_VERSION = 1;
				DEVELOPMENT_ASSET_PATHS = "\"MockTodo/Preview Content\"";
				DEVELOPMENT_TEAM = Y2BT3VZF9M;
				ENABLE_PREVIEWS = YES;
				GENERATE_INFOPLIST_FILE = YES;
				INFOPLIST_KEY_UIApplicationSceneManifest_Generation = YES;
				INFOPLIST_KEY_UIApplicationSupportsIndirectInputEvents = YES;
				INFOPLIST_KEY_UILaunchScreen_Generation = YES;
				INFOPLIST_KEY_UISupportedInterfaceOrientations_iPad = "UIInterfaceOrientationPortrait UIInterfaceOrientationPortraitUpsideDown UIInterfaceOrientationLandscapeLeft UIInterfaceOrientationLandscapeRight";
				INFOPLIST_KEY_UISupportedInterfaceOrientations_iPhone = "UIInterfaceOrientationPortrait UIInterfaceOrientationLandscapeLeft UIInterfaceOrientationLandscapeRight";
				IPHONEOS_DEPLOYMENT_TARGET = 17.0;
				LD_RUNPATH_SEARCH_PATHS = (
					"$(inherited)",
					"@executable_path/Frameworks",
				);
				MARKETING_VERSION = 1.0;
				PRODUCT_BUNDLE_IDENTIFIER = can.tuntas.MockTodo;
				PRODUCT_NAME = "$(TARGET_NAME)";
				SWIFT_EMIT_LOC_STRINGS = YES;
				SWIFT_VERSION = 5.0;
				TARGETED_DEVICE_FAMILY = "1,2";
			};
			name = Debug;
		};
		3612F6082B7DA78A0097D31C /* Release */ = {
			isa = XCBuildConfiguration;
			buildSettings = {
				ASSETCATALOG_COMPILER_APPICON_NAME = AppIcon;
				ASSETCATALOG_COMPILER_GLOBAL_ACCENT_COLOR_NAME = AccentColor;
				CODE_SIGN_STYLE = Automatic;
				CURRENT_PROJECT_VERSION = 1;
				DEVELOPMENT_ASSET_PATHS = "\"MockTodo/Preview Content\"";
				DEVELOPMENT_TEAM = Y2BT3VZF9M;
				ENABLE_PREVIEWS = YES;
				GENERATE_INFOPLIST_FILE = YES;
				INFOPLIST_KEY_UIApplicationSceneManifest_Generation = YES;
				INFOPLIST_KEY_UIApplicationSupportsIndirectInputEvents = YES;
				INFOPLIST_KEY_UILaunchScreen_Generation = YES;
				INFOPLIST_KEY_UISupportedInterfaceOrientations_iPad = "UIInterfaceOrientationPortrait UIInterfaceOrientationPortraitUpsideDown UIInterfaceOrientationLandscapeLeft UIInterfaceOrientationLandscapeRight";
				INFOPLIST_KEY_UISupportedInterfaceOrientations_iPhone = "UIInterfaceOrientationPortrait UIInterfaceOrientationLandscapeLeft UIInterfaceOrientationLandscapeRight";
				IPHONEOS_DEPLOYMENT_TARGET = 17.0;
				LD_RUNPATH_SEARCH_PATHS = (
					"$(inherited)",
					"@executable_path/Frameworks",
				);
				MARKETING_VERSION = 1.0;
				PRODUCT_BUNDLE_IDENTIFIER = can.tuntas.MockTodo;
				PRODUCT_NAME = "$(TARGET_NAME)";
				SWIFT_EMIT_LOC_STRINGS = YES;
				SWIFT_VERSION = 5.0;
				TARGETED_DEVICE_FAMILY = "1,2";
			};
			name = Release;
		};
/* End XCBuildConfiguration section */

/* Begin XCConfigurationList section */
		3612F5F32B7DA7890097D31C /* Build configuration list for PBXProject "MockTodo" */ = {
			isa = XCConfigurationList;
			buildConfigurations = (
				3612F6042B7DA78A0097D31C /* Debug */,
				3612F6052B7DA78A0097D31C /* Release */,
			);
			defaultConfigurationIsVisible = 0;
			defaultConfigurationName = Release;
		};
		3612F6062B7DA78A0097D31C /* Build configuration list for PBXNativeTarget "MockTodo" */ = {
			isa = XCConfigurationList;
			buildConfigurations = (
				3612F6072B7DA78A0097D31C /* Debug */,
				3612F6082B7DA78A0097D31C /* Release */,
			);
			defaultConfigurationIsVisible = 0;
			defaultConfigurationName = Release;
		};
/* End XCConfigurationList section */
	};
	rootObject = 3612F5F02B7DA7890097D31C /* Project object */;
}
